{
  "lockfileVersion": 1,
  "workspaces": {
    "": {
      "name": "mdmbox-hl7v2-ingestion-interbox",
      "dependencies": {
        "@health-samurai/interbox": "1.22.1",
      },
      "devDependencies": {
        "@types/bun": "1.2.19",
        "typescript": "5.9.3",
      },
    },
  },
  "packages": {
    "@atomic-ehr/hl7v2": ["@atomic-ehr/hl7v2@0.0.1", "", { "peerDependencies": { "typescript": "^5" } }, "sha512-qUOYUX6lI9cdb98ThXBcCWqruFVFzG8H6NnOTlS2Rgg7kSenjxwpDEBh8pjvmhaiWAfUqY/B7W0+agmxIoJRWg=="],

    "@health-samurai/interbox": ["@health-samurai/interbox@1.22.1", "", { "dependencies": { "@atomic-ehr/hl7v2": "^0.0.1", "@xmldom/xmldom": "^0.9.6" }, "peerDependencies": { "typescript": "^5" }, "bin": { "interbox": "dist/cli.js" } }, "sha512-A2Wr5Yt9FD1ewPbLow4qg4LgsOS4i1/gqYlo3yHXk5vwzvWx3YLTBaPfpfsyK8TvM4Xg6d6y+aMr5ptjwCCkAQ=="],

    "@types/bun": ["@types/bun@1.2.19", "", { "dependencies": { "bun-types": "1.2.19" } }, "sha512-d9ZCmrH3CJ2uYKXQIUuZ/pUnTqIvLDS0SK7pFmbx8ma+ziH/FRMoAq5bYpRG7y+w1gl+HgyNZbtqgMq4W4e2Lg=="],

    "@types/node": ["@types/node@26.1.1", "", { "dependencies": { "undici-types": "~8.3.0" } }, "sha512-nxAkRSVkN1Y0JC1W8ky/fTfkGsMmcrRsbx+3XoZE+rMOX71kLYTV7fLXpqud1GpbpP5TuffXFqfX7fH2GgZREw=="],

    "@types/react": ["@types/react@19.2.17", "", { "dependencies": { "csstype": "^3.2.2" } }, "sha512-MXfmqaVPEVgkBT/aY0aGCkRWWtByiYQXo3xdQ8r5RzuFrPiRn8Gar2tQdXSUQ2GKV3bkXckek89V8wQBY2Q/Aw=="],

    "@xmldom/xmldom": ["@xmldom/xmldom@0.9.12", "", {}, "sha512-5AXjrcMClTryPe9LgZrygpB1lj7s0S9E0+W+AHaVKAVyHanafK86iPSvG5xHVSp/jC+VH1UXu0TAEmY279xH7A=="],

    "bun-types": ["bun-types@1.2.19", "", { "dependencies": { "@types/node": "*" }, "peerDependencies": { "@types/react": "^19" } }, "sha512-uAOTaZSPuYsWIXRpj7o56Let0g/wjihKCkeRqUBhlLVM/Bt+Fj9xTo+LhC1OV1XDaGkz4hNC80et5xgy+9KTHQ=="],

    "csstype": ["csstype@3.2.3", "", {}, "sha512-z1HGKcYy2xA8AGQfwrn0PAy+PB7X/GSj3UVJW9qKyn43xWa+gl5nXmU4qqLMRzWVLFC8KusUX8T/0kCiOYpAIQ=="],

    "typescript": ["typescript@5.9.3", "", { "bin": { "tsc": "bin/tsc", "tsserver": "bin/tsserver" } }, "sha512-jl1vZzPDinLr9eUt3J/t7V6FgNEw9QjvBPdysz9KfQDD41fQrC2Y4vKQdiaUpFT4bXlb1RHhLpp8wtm6M5TgSw=="],

    "undici-types": ["undici-types@8.3.0", "", {}, "sha512-j375ScV60dom+YkPFIfTLcOiPxkN/buHz5GobjLhixFuANaNs3C9l4GmrWqejgXWJ7BbJcFYpTEUkS1Ge8bpZQ=="],
  }
}
